Microsoft Visual Studio Solution File, Format Version 12.00
# Visual Studio Version 17
VisualStudioVersion = 17.5.2.0
MinimumVisualStudioVersion = 10.0.40219.1
Project("{2150E333-8FDC-42A3-9474-1A3956D46DE8}") = "Backend-API", "Backend-API", "{C7FBAADB-A4A8-78B7-47F9-FD25697BB121}"
EndProject
Project("{FAE04EC0-301F-11D3-BF4B-00C04F79EFBC}") = "PowerShellAPI", "Backend-API\PowerShellAPI\PowerShellAPI.csproj", "{C6439C13-6077-DDE7-381B-73EA9D19DD46}"
EndProject
Global
	GlobalSection(SolutionConfigurationPlatforms) = preSolution
		Debug|Any CPU = Debug|Any CPU
		Release|Any CPU = Release|Any CPU
	EndGlobalSection
	GlobalSection(ProjectConfigurationPlatforms) = postSolution
		{C6439C13-6077-DDE7-381B-73EA9D19DD46}.Debug|Any CPU.ActiveCfg = Debug|Any CPU
		{C6439C13-6077-DDE7-381B-73EA9D19DD46}.Debug|Any CPU.Build.0 = Debug|Any CPU
		{C6439C13-6077-DDE7-381B-73EA9D19DD46}.Release|Any CPU.ActiveCfg = Release|Any CPU
		{C6439C13-6077-DDE7-381B-73EA9D19DD46}.Release|Any CPU.Build.0 = Release|Any CPU
	EndGlobalSection
	GlobalSection(SolutionProperties) = preSolution
		HideSolutionNode = FALSE
	EndGlobalSection
	GlobalSection(NestedProjects) = preSolution
		{C6439C13-6077-DDE7-381B-73EA9D19DD46} = {C7FBAADB-A4A8-78B7-47F9-FD25697BB121}
	EndGlobalSection
	GlobalSection(ExtensibilityGlobals) = postSolution
		SolutionGuid = {6D042DCE-B8DD-4B08-A8AB-B91B9FF89C8D}
	EndGlobalSection
EndGlobal
