// !$*UTF8*$!
{
	archiveVersion = 1;
	classes = {
	};
	objectVersion = 56;
	objects = {

/* Begin PBXBuildFile section */
		4A0000000000000000000001 /* AgentDashboardApp.swift in Sources */ = {isa = PBXBuildFile; fileRef = 4A0000000000000000000011 /* AgentDashboardApp.swift */; };
		4A0000000000000000000002 /* ContentView.swift in Sources */ = {isa = PBXBuildFile; fileRef = 4A0000000000000000000012 /* ContentView.swift */; };
		4A0000000000000000000003 /* AppFeature.swift in Sources */ = {isa = PBXBuildFile; fileRef = 4A0000000000000000000013 /* AppFeature.swift */; };
		4A0000000000000000000004 /* AppView.swift in Sources */ = {isa = PBXBuildFile; fileRef = 4A0000000000000000000014 /* AppView.swift */; };
		4A0000000000000000000005 /* DashboardView.swift in Sources */ = {isa = PBXBuildFile; fileRef = 4A0000000000000000000015 /* DashboardView.swift */; };
		4A0000000000000000000006 /* Agent.swift in Sources */ = {isa = PBXBuildFile; fileRef = 4A0000000000000000000016 /* Agent.swift */; };
		4A0000000000000000000007 /* Models.swift in Sources */ = {isa = PBXBuildFile; fileRef = 4A0000000000000000000017 /* Models.swift */; };
		4A0000000000000000000008 /* SystemStatus.swift in Sources */ = {isa = PBXBuildFile; fileRef = 4A0000000000000000000018 /* SystemStatus.swift */; };
		4A0000000000000000000009 /* AuthenticationClient.swift in Sources */ = {isa = PBXBuildFile; fileRef = 4A0000000000000000000019 /* AuthenticationClient.swift */; };
		4A0000000000000000000010 /* WebSocketClient.swift in Sources */ = {isa = PBXBuildFile; fileRef = 4A0000000000000000000020 /* WebSocketClient.swift */; };
		4A0000000000000000000021 /* DashboardFeature.swift in Sources */ = {isa = PBXBuildFile; fileRef = 4A0000000000000000000031 /* DashboardFeature.swift */; };
		4A0000000000000000000022 /* AgentsFeature.swift in Sources */ = {isa = PBXBuildFile; fileRef = 4A0000000000000000000032 /* AgentsFeature.swift */; };
		4A0000000000000000000023 /* TerminalFeature.swift in Sources */ = {isa = PBXBuildFile; fileRef = 4A0000000000000000000033 /* TerminalFeature.swift */; };
		4A0000000000000000000024 /* SettingsFeature.swift in Sources */ = {isa = PBXBuildFile; fileRef = 4A0000000000000000000034 /* SettingsFeature.swift */; };
		4A0000000000000000000025 /* AgentMonitorWidget.swift in Sources */ = {isa = PBXBuildFile; fileRef = 4A0000000000000000000035 /* AgentMonitorWidget.swift */; };
		4A0000000000000000000026 /* PerformanceMetricsWidget.swift in Sources */ = {isa = PBXBuildFile; fileRef = 4A0000000000000000000036 /* PerformanceMetricsWidget.swift */; };
		4A0000000000000000000027 /* ActivityFeedWidget.swift in Sources */ = {isa = PBXBuildFile; fileRef = 4A0000000000000000000037 /* ActivityFeedWidget.swift */; };
		4A0000000000000000000028 /* WidgetContainerView.swift in Sources */ = {isa = PBXBuildFile; fileRef = 4A0000000000000000000038 /* WidgetContainerView.swift */; };
		4A0000000000000000000050 /* ComposableArchitecture in Frameworks */ = {isa = PBXBuildFile; productRef = 4A0000000000000000000060 /* ComposableArchitecture */; };
/* End PBXBuildFile section */

/* Begin PBXFileReference section */
		4A0000000000000000000009 /* AgentDashboard.app */ = {isa = PBXFileReference; explicitFileType = wrapper.application; includeInIndex = 0; path = AgentDashboard.app; sourceTree = BUILT_PRODUCTS_DIR; };
		4A0000000000000000000011 /* AgentDashboardApp.swift */ = {isa = PBXFileReference; lastKnownFileType = sourcecode.swift; path = AgentDashboardApp.swift; sourceTree = "<group>"; };
		4A0000000000000000000012 /* ContentView.swift */ = {isa = PBXFileReference; lastKnownFileType = sourcecode.swift; path = ContentView.swift; sourceTree = "<group>"; };
		4A0000000000000000000013 /* AppFeature.swift */ = {isa = PBXFileReference; lastKnownFileType = sourcecode.swift; path = AppFeature.swift; sourceTree = "<group>"; };
		4A0000000000000000000014 /* AppView.swift */ = {isa = PBXFileReference; lastKnownFileType = sourcecode.swift; path = AppView.swift; sourceTree = "<group>"; };
		4A0000000000000000000015 /* DashboardView.swift */ = {isa = PBXFileReference; lastKnownFileType = sourcecode.swift; path = DashboardView.swift; sourceTree = "<group>"; };
		4A0000000000000000000016 /* Agent.swift */ = {isa = PBXFileReference; lastKnownFileType = sourcecode.swift; path = Agent.swift; sourceTree = "<group>"; };
		4A0000000000000000000017 /* Models.swift */ = {isa = PBXFileReference; lastKnownFileType = sourcecode.swift; path = Models.swift; sourceTree = "<group>"; };
		4A0000000000000000000018 /* SystemStatus.swift */ = {isa = PBXFileReference; lastKnownFileType = sourcecode.swift; path = SystemStatus.swift; sourceTree = "<group>"; };
		4A0000000000000000000019 /* AuthenticationClient.swift */ = {isa = PBXFileReference; lastKnownFileType = sourcecode.swift; path = AuthenticationClient.swift; sourceTree = "<group>"; };
		4A0000000000000000000020 /* WebSocketClient.swift */ = {isa = PBXFileReference; lastKnownFileType = sourcecode.swift; path = WebSocketClient.swift; sourceTree = "<group>"; };
		4A0000000000000000000031 /* DashboardFeature.swift */ = {isa = PBXFileReference; lastKnownFileType = sourcecode.swift; path = DashboardFeature.swift; sourceTree = "<group>"; };
		4A0000000000000000000032 /* AgentsFeature.swift */ = {isa = PBXFileReference; lastKnownFileType = sourcecode.swift; path = AgentsFeature.swift; sourceTree = "<group>"; };
		4A0000000000000000000033 /* TerminalFeature.swift */ = {isa = PBXFileReference; lastKnownFileType = sourcecode.swift; path = TerminalFeature.swift; sourceTree = "<group>"; };
		4A0000000000000000000034 /* SettingsFeature.swift */ = {isa = PBXFileReference; lastKnownFileType = sourcecode.swift; path = SettingsFeature.swift; sourceTree = "<group>"; };
		4A0000000000000000000035 /* AgentMonitorWidget.swift */ = {isa = PBXFileReference; lastKnownFileType = sourcecode.swift; path = AgentMonitorWidget.swift; sourceTree = "<group>"; };
		4A0000000000000000000036 /* PerformanceMetricsWidget.swift */ = {isa = PBXFileReference; lastKnownFileType = sourcecode.swift; path = PerformanceMetricsWidget.swift; sourceTree = "<group>"; };
		4A0000000000000000000037 /* ActivityFeedWidget.swift */ = {isa = PBXFileReference; lastKnownFileType = sourcecode.swift; path = ActivityFeedWidget.swift; sourceTree = "<group>"; };
		4A0000000000000000000038 /* WidgetContainerView.swift */ = {isa = PBXFileReference; lastKnownFileType = sourcecode.swift; path = WidgetContainerView.swift; sourceTree = "<group>"; };
		4A0000000000000000000070 /* Info.plist */ = {isa = PBXFileReference; lastKnownFileType = text.plist.xml; path = Info.plist; sourceTree = "<group>"; };
/* End PBXFileReference section */

/* Begin PBXFrameworksBuildPhase section */
		4A0000000000000000000006 /* Frameworks */ = {
			isa = PBXFrameworksBuildPhase;
			buildActionMask = 2147483647;
			files = (
				4A0000000000000000000050 /* ComposableArchitecture in Frameworks */,
			);
			runOnlyForDeploymentPostprocessing = 0;
		};
/* End PBXFrameworksBuildPhase section */

/* Begin PBXGroup section */
		4A0000000000000000000003 = {
			isa = PBXGroup;
			children = (
				4A0000000000000000000008 /* AgentDashboard */,
				4A0000000000000000000007 /* Products */,
			);
			sourceTree = "<group>";
		};
		4A0000000000000000000007 /* Products */ = {
			isa = PBXGroup;
			children = (
				4A0000000000000000000009 /* AgentDashboard.app */,
			);
			name = Products;
			sourceTree = "<group>";
		};
		4A0000000000000000000008 /* AgentDashboard */ = {
			isa = PBXGroup;
			children = (
				4A0000000000000000000011 /* AgentDashboardApp.swift */,
				4A0000000000000000000013 /* AppFeature.swift */,
				4A0000000000000000000012 /* ContentView.swift */,
				4A0000000000000000000040 /* Models */,
				4A0000000000000000000041 /* Views */,
				4A0000000000000000000042 /* TCA */,
				4A0000000000000000000043 /* Dependencies */,
				4A0000000000000000000070 /* Info.plist */,
			);
			path = AgentDashboard;
			sourceTree = "<group>";
		};
		4A0000000000000000000040 /* Models */ = {
			isa = PBXGroup;
			children = (
				4A0000000000000000000016 /* Agent.swift */,
				4A0000000000000000000017 /* Models.swift */,
				4A0000000000000000000018 /* SystemStatus.swift */,
			);
			path = Models;
			sourceTree = "<group>";
		};
		4A0000000000000000000041 /* Views */ = {
			isa = PBXGroup;
			children = (
				4A0000000000000000000014 /* AppView.swift */,
				4A0000000000000000000015 /* DashboardView.swift */,
				4A0000000000000000000044 /* Widgets */,
			);
			path = Views;
			sourceTree = "<group>";
		};
		4A0000000000000000000044 /* Widgets */ = {
			isa = PBXGroup;
			children = (
				4A0000000000000000000035 /* AgentMonitorWidget.swift */,
				4A0000000000000000000036 /* PerformanceMetricsWidget.swift */,
				4A0000000000000000000037 /* ActivityFeedWidget.swift */,
				4A0000000000000000000038 /* WidgetContainerView.swift */,
			);
			path = Widgets;
			sourceTree = "<group>";
		};
		4A0000000000000000000042 /* TCA */ = {
			isa = PBXGroup;
			children = (
				4A0000000000000000000031 /* DashboardFeature.swift */,
				4A0000000000000000000032 /* AgentsFeature.swift */,
				4A0000000000000000000033 /* TerminalFeature.swift */,
				4A0000000000000000000034 /* SettingsFeature.swift */,
			);
			path = TCA;
			sourceTree = "<group>";
		};
		4A0000000000000000000043 /* Dependencies */ = {
			isa = PBXGroup;
			children = (
				4A0000000000000000000019 /* AuthenticationClient.swift */,
				4A0000000000000000000020 /* WebSocketClient.swift */,
			);
			path = Dependencies;
			sourceTree = "<group>";
		};
/* End PBXGroup section */

/* Begin PBXNativeTarget section */
		4A0000000000000000000008 /* AgentDashboard */ = {
			isa = PBXNativeTarget;
			buildConfigurationList = 4A0000000000000000000018 /* Build configuration list for PBXNativeTarget "AgentDashboard" */;
			buildPhases = (
				4A0000000000000000000005 /* Sources */,
				4A0000000000000000000006 /* Frameworks */,
			);
			buildRules = (
			);
			dependencies = (
			);
			name = AgentDashboard;
			packageProductDependencies = (
				4A0000000000000000000060 /* ComposableArchitecture */,
			);
			productName = AgentDashboard;
			productReference = 4A0000000000000000000009 /* AgentDashboard.app */;
			productType = "com.apple.product-type.application";
		};
/* End PBXNativeTarget section */

/* Begin PBXProject section */
		4A0000000000000000000004 /* Project object */ = {
			isa = PBXProject;
			attributes = {
				BuildIndependentTargetsInParallel = 1;
				LastSwiftUpdateCheck = 1600;
				LastUpgradeCheck = 1600;
				TargetAttributes = {
					4A0000000000000000000008 = {
						CreatedOnToolsVersion = 16.0;
					};
				};
			};
			buildConfigurationList = 4A0000000000000000000017 /* Build configuration list for PBXProject "AgentDashboard" */;
			compatibilityVersion = "Xcode 14.0";
			developmentRegion = en;
			hasScannedForEncodings = 0;
			knownRegions = (
				en,
				Base,
			);
			mainGroup = 4A0000000000000000000003;
			packageReferences = (
				4A0000000000000000000061 /* XCRemoteSwiftPackageReference "swift-composable-architecture" */,
			);
			productRefGroup = 4A0000000000000000000007 /* Products */;
			projectDirPath = "";
			projectRoot = "";
			targets = (
				4A0000000000000000000008 /* AgentDashboard */,
			);
		};
/* End PBXProject section */

/* Begin PBXSourcesBuildPhase section */
		4A0000000000000000000005 /* Sources */ = {
			isa = PBXSourcesBuildPhase;
			buildActionMask = 2147483647;
			files = (
				4A0000000000000000000001 /* AgentDashboardApp.swift in Sources */,
				4A0000000000000000000002 /* ContentView.swift in Sources */,
				4A0000000000000000000003 /* AppFeature.swift in Sources */,
				4A0000000000000000000004 /* AppView.swift in Sources */,
				4A0000000000000000000005 /* DashboardView.swift in Sources */,
				4A0000000000000000000006 /* Agent.swift in Sources */,
				4A0000000000000000000007 /* Models.swift in Sources */,
				4A0000000000000000000008 /* SystemStatus.swift in Sources */,
				4A0000000000000000000009 /* AuthenticationClient.swift in Sources */,
				4A0000000000000000000010 /* WebSocketClient.swift in Sources */,
				4A0000000000000000000021 /* DashboardFeature.swift in Sources */,
				4A0000000000000000000022 /* AgentsFeature.swift in Sources */,
				4A0000000000000000000023 /* TerminalFeature.swift in Sources */,
				4A0000000000000000000024 /* SettingsFeature.swift in Sources */,
				4A0000000000000000000025 /* AgentMonitorWidget.swift in Sources */,
				4A0000000000000000000026 /* PerformanceMetricsWidget.swift in Sources */,
				4A0000000000000000000027 /* ActivityFeedWidget.swift in Sources */,
				4A0000000000000000000028 /* WidgetContainerView.swift in Sources */,
			);
			runOnlyForDeploymentPostprocessing = 0;
		};
/* End PBXSourcesBuildPhase section */

/* Begin XCBuildConfiguration section */
		4A0000000000000000000015 /* Debug */ = {
			isa = XCBuildConfiguration;
			buildSettings = {
				ALWAYS_SEARCH_USER_PATHS = NO;
				ASSETCATALOG_COMPILER_GENERATE_SWIFT_ASSET_SYMBOL_EXTENSIONS = YES;
				CLANG_ANALYZER_NONNULL = YES;
				CLANG_ANALYZER_NUMBER_OBJECT_CONVERSION = YES_AGGRESSIVE;
				CLANG_CXX_LANGUAGE_STANDARD = "gnu++20";
				CLANG_ENABLE_MODULES = YES;
				CLANG_ENABLE_OBJC_ARC = YES;
				CLANG_ENABLE_OBJC_WEAK = YES;
				CLANG_WARN_BLOCK_CAPTURE_AUTORELEASING = YES;
				CLANG_WARN_BOOL_CONVERSION = YES;
				CLANG_WARN_COMMA = YES;
				CLANG_WARN_CONSTANT_CONVERSION = YES;
				CLANG_WARN_DEPRECATED_OBJC_IMPLEMENTATIONS = YES;
				CLANG_WARN_DIRECT_OBJC_ISA_USAGE = YES_ERROR;
				CLANG_WARN_DOCUMENTATION_COMMENTS = YES;
				CLANG_WARN_EMPTY_BODY = YES;
				CLANG_WARN_ENUM_CONVERSION = YES;
				CLANG_WARN_INFINITE_RECURSION = YES;
				CLANG_WARN_INT_CONVERSION = YES;
				CLANG_WARN_NON_LITERAL_NULL_CONVERSION = YES;
				CLANG_WARN_OBJC_IMPLICIT_RETAIN_SELF = YES;
				CLANG_WARN_OBJC_LITERAL_CONVERSION = YES;
				CLANG_WARN_OBJC_ROOT_CLASS = YES_ERROR;
				CLANG_WARN_QUOTED_INCLUDE_IN_FRAMEWORK_HEADER = YES;
				CLANG_WARN_RANGE_LOOP_ANALYSIS = YES;
				CLANG_WARN_STRICT_PROTOTYPES = YES;
				CLANG_WARN_SUSPICIOUS_MOVE = YES;
				CLANG_WARN_UNGUARDED_AVAILABILITY = YES_AGGRESSIVE;
				CLANG_WARN_UNREACHABLE_CODE = YES;
				CLANG_WARN__DUPLICATE_METHOD_MATCH = YES;
				COPY_PHASE_STRIP = NO;
				DEBUG_INFORMATION_FORMAT = dwarf;
				ENABLE_STRICT_OBJC_MSGSEND = YES;
				ENABLE_TESTABILITY = YES;
				ENABLE_USER_SCRIPT_SANDBOXING = YES;
				GCC_C_LANGUAGE_STANDARD = gnu17;
				GCC_DYNAMIC_NO_PIC = NO;
				GCC_NO_COMMON_BLOCKS = YES;
				GCC_OPTIMIZATION_LEVEL = 0;
				GCC_PREPROCESSOR_DEFINITIONS = (
					"DEBUG=1",
					"$(inherited)",
				);
				GCC_WARN_64_TO_32_BIT_CONVERSION = YES;
				GCC_WARN_ABOUT_RETURN_TYPE = YES_ERROR;
				GCC_WARN_UNDECLARED_SELECTOR = YES;
				GCC_WARN_UNINITIALIZED_AUTOS = YES_AGGRESSIVE;
				GCC_WARN_UNUSED_FUNCTION = YES;
				GCC_WARN_UNUSED_VARIABLE = YES;
				IPHONEOS_DEPLOYMENT_TARGET = 16.0;
				LOCALIZATION_PREFERS_STRING_CATALOGS = YES;
				MTL_ENABLE_DEBUG_INFO = INCLUDE_SOURCE;
				MTL_FAST_MATH = YES;
				ONLY_ACTIVE_ARCH = YES;
				SDKROOT = iphoneos;
				SWIFT_ACTIVE_COMPILATION_CONDITIONS = "DEBUG $(inherited)";
				SWIFT_OPTIMIZATION_LEVEL = "-Onone";
			};
			name = Debug;
		};
		4A0000000000000000000016 /* Release */ = {
			isa = XCBuildConfiguration;
			buildSettings = {
				ALWAYS_SEARCH_USER_PATHS = NO;
				ASSETCATALOG_COMPILER_GENERATE_SWIFT_ASSET_SYMBOL_EXTENSIONS = YES;
				CLANG_ANALYZER_NONNULL = YES;
				CLANG_ANALYZER_NUMBER_OBJECT_CONVERSION = YES_AGGRESSIVE;
				CLANG_CXX_LANGUAGE_STANDARD = "gnu++20";
				CLANG_ENABLE_MODULES = YES;
				CLANG_ENABLE_OBJC_ARC = YES;
				CLANG_ENABLE_OBJC_WEAK = YES;
				CLANG_WARN_BLOCK_CAPTURE_AUTORELEASING = YES;
				CLANG_WARN_BOOL_CONVERSION = YES;
				CLANG_WARN_COMMA = YES;
				CLANG_WARN_CONSTANT_CONVERSION = YES;
				CLANG_WARN_DEPRECATED_OBJC_IMPLEMENTATIONS = YES;
				CLANG_WARN_DIRECT_OBJC_ISA_USAGE = YES_ERROR;
				CLANG_WARN_DOCUMENTATION_COMMENTS = YES;
				CLANG_WARN_EMPTY_BODY = YES;
				CLANG_WARN_ENUM_CONVERSION = YES;
				CLANG_WARN_INFINITE_RECURSION = YES;
				CLANG_WARN_INT_CONVERSION = YES;
				CLANG_WARN_NON_LITERAL_NULL_CONVERSION = YES;
				CLANG_WARN_OBJC_IMPLICIT_RETAIN_SELF = YES;
				CLANG_WARN_OBJC_LITERAL_CONVERSION = YES;
				CLANG_WARN_OBJC_ROOT_CLASS = YES_ERROR;
				CLANG_WARN_QUOTED_INCLUDE_IN_FRAMEWORK_HEADER = YES;
				CLANG_WARN_RANGE_LOOP_ANALYSIS = YES;
				CLANG_WARN_STRICT_PROTOTYPES = YES;
				CLANG_WARN_SUSPICIOUS_MOVE = YES;
				CLANG_WARN_UNGUARDED_AVAILABILITY = YES_AGGRESSIVE;
				CLANG_WARN_UNREACHABLE_CODE = YES;
				CLANG_WARN__DUPLICATE_METHOD_MATCH = YES;
				COPY_PHASE_STRIP = NO;
				DEBUG_INFORMATION_FORMAT = "dwarf-with-dsym";
				ENABLE_NS_ASSERTIONS = NO;
				ENABLE_STRICT_OBJC_MSGSEND = YES;
				ENABLE_USER_SCRIPT_SANDBOXING = YES;
				GCC_C_LANGUAGE_STANDARD = gnu17;
				GCC_NO_COMMON_BLOCKS = YES;
				GCC_WARN_64_TO_32_BIT_CONVERSION = YES;
				GCC_WARN_ABOUT_RETURN_TYPE = YES_ERROR;
				GCC_WARN_UNDECLARED_SELECTOR = YES;
				GCC_WARN_UNINITIALIZED_AUTOS = YES_AGGRESSIVE;
				GCC_WARN_UNUSED_FUNCTION = YES;
				GCC_WARN_UNUSED_VARIABLE = YES;
				IPHONEOS_DEPLOYMENT_TARGET = 16.0;
				LOCALIZATION_PREFERS_STRING_CATALOGS = YES;
				MTL_ENABLE_DEBUG_INFO = NO;
				MTL_FAST_MATH = YES;
				SDKROOT = iphoneos;
				SWIFT_COMPILATION_MODE = wholemodule;
				VALIDATE_PRODUCT = YES;
			};
			name = Release;
		};
		4A0000000000000000000019 /* Debug */ = {
			isa = XCBuildConfiguration;
			buildSettings = {
				BUNDLE_IDENTIFIER = com.example.AgentDashboard;
				CODE_SIGN_STYLE = Automatic;
				CURRENT_PROJECT_VERSION = 1;
				DEVELOPMENT_TEAM = "";
				GENERATE_INFOPLIST_FILE = YES;
				INFOPLIST_FILE = AgentDashboard/Info.plist;
				INFOPLIST_KEY_UIApplicationSupportsIndirectInputEvents = YES;
				INFOPLIST_KEY_UILaunchStoryboardName = LaunchScreen;
				INFOPLIST_KEY_UISupportedInterfaceOrientations_iPad = "UIInterfaceOrientationPortrait UIInterfaceOrientationPortraitUpsideDown UIInterfaceOrientationLandscapeLeft UIInterfaceOrientationLandscapeRight";
				INFOPLIST_KEY_UISupportedInterfaceOrientations_iPhone = "UIInterfaceOrientationPortrait UIInterfaceOrientationLandscapeLeft UIInterfaceOrientationLandscapeRight";
				LD_RUNPATH_SEARCH_PATHS = (
					"$(inherited)",
					"@executable_path/Frameworks",
				);
				MARKETING_VERSION = 1.0;
				PRODUCT_BUNDLE_IDENTIFIER = com.example.AgentDashboard;
				PRODUCT_NAME = "$(TARGET_NAME)";
				SWIFT_EMIT_LOC_STRINGS = YES;
				SWIFT_VERSION = 5.9;
				TARGETED_DEVICE_FAMILY = "1,2";
			};
			name = Debug;
		};
		4A0000000000000000000020 /* Release */ = {
			isa = XCBuildConfiguration;
			buildSettings = {
				BUNDLE_IDENTIFIER = com.example.AgentDashboard;
				CODE_SIGN_STYLE = Automatic;
				CURRENT_PROJECT_VERSION = 1;
				DEVELOPMENT_TEAM = "";
				GENERATE_INFOPLIST_FILE = YES;
				INFOPLIST_FILE = AgentDashboard/Info.plist;
				INFOPLIST_KEY_UIApplicationSupportsIndirectInputEvents = YES;
				INFOPLIST_KEY_UILaunchStoryboardName = LaunchScreen;
				INFOPLIST_KEY_UISupportedInterfaceOrientations_iPad = "UIInterfaceOrientationPortrait UIInterfaceOrientationPortraitUpsideDown UIInterfaceOrientationLandscapeLeft UIInterfaceOrientationLandscapeRight";
				INFOPLIST_KEY_UISupportedInterfaceOrientations_iPhone = "UIInterfaceOrientationPortrait UIInterfaceOrientationLandscapeLeft UIInterfaceOrientationLandscapeRight";
				LD_RUNPATH_SEARCH_PATHS = (
					"$(inherited)",
					"@executable_path/Frameworks",
				);
				MARKETING_VERSION = 1.0;
				PRODUCT_BUNDLE_IDENTIFIER = com.example.AgentDashboard;
				PRODUCT_NAME = "$(TARGET_NAME)";
				SWIFT_EMIT_LOC_STRINGS = YES;
				SWIFT_VERSION = 5.9;
				TARGETED_DEVICE_FAMILY = "1,2";
			};
			name = Release;
		};
/* End XCBuildConfiguration section */

/* Begin XCConfigurationList section */
		4A0000000000000000000017 /* Build configuration list for PBXProject "AgentDashboard" */ = {
			isa = XCConfigurationList;
			buildConfigurations = (
				4A0000000000000000000015 /* Debug */,
				4A0000000000000000000016 /* Release */,
			);
			defaultConfigurationIsVisible = 0;
			defaultConfigurationName = Release;
		};
		4A0000000000000000000018 /* Build configuration list for PBXNativeTarget "AgentDashboard" */ = {
			isa = XCConfigurationList;
			buildConfigurations = (
				4A0000000000000000000019 /* Debug */,
				4A0000000000000000000020 /* Release */,
			);
			defaultConfigurationIsVisible = 0;
			defaultConfigurationName = Release;
		};
/* End XCConfigurationList section */

/* Begin XCRemoteSwiftPackageReference section */
		4A0000000000000000000061 /* XCRemoteSwiftPackageReference "swift-composable-architecture" */ = {
			isa = XCRemoteSwiftPackageReference;
			repositoryURL = "https://github.com/pointfreeco/swift-composable-architecture";
			requirement = {
				kind = upToNextMajorVersion;
				minimumVersion = 1.8.0;
			};
		};
/* End XCRemoteSwiftPackageReference section */

/* Begin XCSwiftPackageProductDependency section */
		4A0000000000000000000060 /* ComposableArchitecture */ = {
			isa = XCSwiftPackageProductDependency;
			package = 4A0000000000000000000061 /* XCRemoteSwiftPackageReference "swift-composable-architecture" */;
			productName = ComposableArchitecture;
		};
/* End XCSwiftPackageProductDependency section */
	};
	rootObject = 4A0000000000000000000004 /* Project object */;
}